// !$*UTF8*$!
{
	archiveVersion = 1;
	classes = {
	};
	objectVersion = 56;
	objects = {

/* Begin PBXBuildFile section */
		964B43BD29BB0EA4007DBDBE /* AppDelegate.swift in Sources */ = {isa = PBXBuildFile; fileRef = 964B43BC29BB0EA4007DBDBE /* AppDelegate.swift */; };
		964B43BF29BB0EA4007DBDBE /* SceneDelegate.swift in Sources */ = {isa = PBXBuildFile; fileRef = 964B43BE29BB0EA4007DBDBE /* SceneDelegate.swift */; };
		964B43C129BB0EA4007DBDBE /* ViewController.swift in Sources */ = {isa = PBXBuildFile; fileRef = 964B43C029BB0EA4007DBDBE /* ViewController.swift */; };
		964B43C429BB0EA4007DBDBE /* Main.storyboard in Resources */ = {isa = PBXBuildFile; fileRef = 964B43C229BB0EA4007DBDBE /* Main.storyboard */; };
		964B43C629BB0EA5007DBDBE /* Assets.xcassets in Resources */ = {isa = PBXBuildFile; fileRef = 964B43C529BB0EA5007DBDBE /* Assets.xcassets */; };
		964B43C929BB0EA5007DBDBE /* LaunchScreen.storyboard in Resources */ = {isa = PBXBuildFile; fileRef = 964B43C729BB0EA5007DBDBE /* LaunchScreen.storyboard */; };
		964B43D229BB0ED0007DBDBE /* Dependencies in Frameworks */ = {isa = PBXBuildFile; productRef = 964B43D129BB0ED0007DBDBE /* Dependencies */; };
		964B43D829BB0F86007DBDBE /* StartTimerUseCase.swift in Sources */ = {isa = PBXBuildFile; fileRef = 964B43D729BB0F86007DBDBE /* StartTimerUseCase.swift */; };
		964B43DA29BB172B007DBDBE /* SubscribeToTimerUseCase.swift in Sources */ = {isa = PBXBuildFile; fileRef = 964B43D929BB172B007DBDBE /* SubscribeToTimerUseCase.swift */; };
		964B43DD29BB1E4B007DBDBE /* ModalViewController.swift in Sources */ = {isa = PBXBuildFile; fileRef = 964B43DB29BB1E4B007DBDBE /* ModalViewController.swift */; };
/* End PBXBuildFile section */

/* Begin PBXFileReference section */
		964B43B929BB0EA4007DBDBE /* TestDependeciesMemoryLeak.app */ = {isa = PBXFileReference; explicitFileType = wrapper.application; includeInIndex = 0; path = TestDependeciesMemoryLeak.app; sourceTree = BUILT_PRODUCTS_DIR; };
		964B43BC29BB0EA4007DBDBE /* AppDelegate.swift */ = {isa = PBXFileReference; lastKnownFileType = sourcecode.swift; path = AppDelegate.swift; sourceTree = "<group>"; };
		964B43BE29BB0EA4007DBDBE /* SceneDelegate.swift */ = {isa = PBXFileReference; lastKnownFileType = sourcecode.swift; path = SceneDelegate.swift; sourceTree = "<group>"; };
		964B43C029BB0EA4007DBDBE /* ViewController.swift */ = {isa = PBXFileReference; lastKnownFileType = sourcecode.swift; path = ViewController.swift; sourceTree = "<group>"; };
		964B43C329BB0EA4007DBDBE /* Base */ = {isa = PBXFileReference; lastKnownFileType = file.storyboard; name = Base; path = Base.lproj/Main.storyboard; sourceTree = "<group>"; };
		964B43C529BB0EA5007DBDBE /* Assets.xcassets */ = {isa = PBXFileReference; lastKnownFileType = folder.assetcatalog; path = Assets.xcassets; sourceTree = "<group>"; };
		964B43C829BB0EA5007DBDBE /* Base */ = {isa = PBXFileReference; lastKnownFileType = file.storyboard; name = Base; path = Base.lproj/LaunchScreen.storyboard; sourceTree = "<group>"; };
		964B43CA29BB0EA5007DBDBE /* Info.plist */ = {isa = PBXFileReference; lastKnownFileType = text.plist.xml; path = Info.plist; sourceTree = "<group>"; };
		964B43D729BB0F86007DBDBE /* StartTimerUseCase.swift */ = {isa = PBXFileReference; lastKnownFileType = sourcecode.swift; path = StartTimerUseCase.swift; sourceTree = "<group>"; };
		964B43D929BB172B007DBDBE /* SubscribeToTimerUseCase.swift */ = {isa = PBXFileReference; lastKnownFileType = sourcecode.swift; path = SubscribeToTimerUseCase.swift; sourceTree = "<group>"; };
		964B43DB29BB1E4B007DBDBE /* ModalViewController.swift */ = {isa = PBXFileReference; lastKnownFileType = sourcecode.swift; path = ModalViewController.swift; sourceTree = "<group>"; };
/* End PBXFileReference section */

/* Begin PBXFrameworksBuildPhase section */
		964B43B629BB0EA4007DBDBE /* Frameworks */ = {
			isa = PBXFrameworksBuildPhase;
			buildActionMask = 2147483647;
			files = (
				964B43D229BB0ED0007DBDBE /* Dependencies in Frameworks */,
			);
			runOnlyForDeploymentPostprocessing = 0;
		};
/* End PBXFrameworksBuildPhase section */

/* Begin PBXGroup section */
		964B43B029BB0EA4007DBDBE = {
			isa = PBXGroup;
			children = (
				964B43BB29BB0EA4007DBDBE /* TestDependeciesMemoryLeak */,
				964B43BA29BB0EA4007DBDBE /* Products */,
			);
			sourceTree = "<group>";
		};
		964B43BA29BB0EA4007DBDBE /* Products */ = {
			isa = PBXGroup;
			children = (
				964B43B929BB0EA4007DBDBE /* TestDependeciesMemoryLeak.app */,
			);
			name = Products;
			sourceTree = "<group>";
		};
		964B43BB29BB0EA4007DBDBE /* TestDependeciesMemoryLeak */ = {
			isa = PBXGroup;
			children = (
				964B43D629BB0F58007DBDBE /* Use Cases */,
				964B43D529BB0F39007DBDBE /* Modal */,
				964B43D329BB0F0C007DBDBE /* Main */,
				964B43BC29BB0EA4007DBDBE /* AppDelegate.swift */,
				964B43BE29BB0EA4007DBDBE /* SceneDelegate.swift */,
				964B43C229BB0EA4007DBDBE /* Main.storyboard */,
				964B43C529BB0EA5007DBDBE /* Assets.xcassets */,
				964B43C729BB0EA5007DBDBE /* LaunchScreen.storyboard */,
				964B43CA29BB0EA5007DBDBE /* Info.plist */,
			);
			path = TestDependeciesMemoryLeak;
			sourceTree = "<group>";
		};
		964B43D329BB0F0C007DBDBE /* Main */ = {
			isa = PBXGroup;
			children = (
				964B43C029BB0EA4007DBDBE /* ViewController.swift */,
			);
			path = Main;
			sourceTree = "<group>";
		};
		964B43D529BB0F39007DBDBE /* Modal */ = {
			isa = PBXGroup;
			children = (
				964B43DB29BB1E4B007DBDBE /* ModalViewController.swift */,
			);
			path = Modal;
			sourceTree = "<group>";
		};
		964B43D629BB0F58007DBDBE /* Use Cases */ = {
			isa = PBXGroup;
			children = (
				964B43D729BB0F86007DBDBE /* StartTimerUseCase.swift */,
				964B43D929BB172B007DBDBE /* SubscribeToTimerUseCase.swift */,
			);
			path = "Use Cases";
			sourceTree = "<group>";
		};
/* End PBXGroup section */

/* Begin PBXNativeTarget section */
		964B43B829BB0EA4007DBDBE /* TestDependeciesMemoryLeak */ = {
			isa = PBXNativeTarget;
			buildConfigurationList = 964B43CD29BB0EA5007DBDBE /* Build configuration list for PBXNativeTarget "TestDependeciesMemoryLeak" */;
			buildPhases = (
				964B43B529BB0EA4007DBDBE /* Sources */,
				964B43B629BB0EA4007DBDBE /* Frameworks */,
				964B43B729BB0EA4007DBDBE /* Resources */,
			);
			buildRules = (
			);
			dependencies = (
			);
			name = TestDependeciesMemoryLeak;
			packageProductDependencies = (
				964B43D129BB0ED0007DBDBE /* Dependencies */,
			);
			productName = TestDependeciesMemoryLeak;
			productReference = 964B43B929BB0EA4007DBDBE /* TestDependeciesMemoryLeak.app */;
			productType = "com.apple.product-type.application";
		};
/* End PBXNativeTarget section */

/* Begin PBXProject section */
		964B43B129BB0EA4007DBDBE /* Project object */ = {
			isa = PBXProject;
			attributes = {
				BuildIndependentTargetsInParallel = 1;
				LastSwiftUpdateCheck = 1420;
				LastUpgradeCheck = 1420;
				TargetAttributes = {
					964B43B829BB0EA4007DBDBE = {
						CreatedOnToolsVersion = 14.2;
					};
				};
			};
			buildConfigurationList = 964B43B429BB0EA4007DBDBE /* Build configuration list for PBXProject "TestDependeciesMemoryLeak" */;
			compatibilityVersion = "Xcode 14.0";
			developmentRegion = en;
			hasScannedForEncodings = 0;
			knownRegions = (
				en,
				Base,
			);
			mainGroup = 964B43B029BB0EA4007DBDBE;
			packageReferences = (
				964B43D029BB0ED0007DBDBE /* XCRemoteSwiftPackageReference "swift-dependencies" */,
			);
			productRefGroup = 964B43BA29BB0EA4007DBDBE /* Products */;
			projectDirPath = "";
			projectRoot = "";
			targets = (
				964B43B829BB0EA4007DBDBE /* TestDependeciesMemoryLeak */,
			);
		};
/* End PBXProject section */

/* Begin PBXResourcesBuildPhase section */
		964B43B729BB0EA4007DBDBE /* Resources */ = {
			isa = PBXResourcesBuildPhase;
			buildActionMask = 2147483647;
			files = (
				964B43C929BB0EA5007DBDBE /* LaunchScreen.storyboard in Resources */,
				964B43C629BB0EA5007DBDBE /* Assets.xcassets in Resources */,
				964B43C429BB0EA4007DBDBE /* Main.storyboard in Resources */,
			);
			runOnlyForDeploymentPostprocessing = 0;
		};
/* End PBXResourcesBuildPhase section */

/* Begin PBXSourcesBuildPhase section */
		964B43B529BB0EA4007DBDBE /* Sources */ = {
			isa = PBXSourcesBuildPhase;
			buildActionMask = 2147483647;
			files = (
				964B43C129BB0EA4007DBDBE /* ViewController.swift in Sources */,
				964B43BD29BB0EA4007DBDBE /* AppDelegate.swift in Sources */,
				964B43D829BB0F86007DBDBE /* StartTimerUseCase.swift in Sources */,
				964B43DA29BB172B007DBDBE /* SubscribeToTimerUseCase.swift in Sources */,
				964B43DD29BB1E4B007DBDBE /* ModalViewController.swift in Sources */,
				964B43BF29BB0EA4007DBDBE /* SceneDelegate.swift in Sources */,
			);
			runOnlyForDeploymentPostprocessing = 0;
		};
/* End PBXSourcesBuildPhase section */

/* Begin PBXVariantGroup section */
		964B43C229BB0EA4007DBDBE /* Main.storyboard */ = {
			isa = PBXVariantGroup;
			children = (
				964B43C329BB0EA4007DBDBE /* Base */,
			);
			name = Main.storyboard;
			sourceTree = "<group>";
		};
		964B43C729BB0EA5007DBDBE /* LaunchScreen.storyboard */ = {
			isa = PBXVariantGroup;
			children = (
				964B43C829BB0EA5007DBDBE /* Base */,
			);
			name = LaunchScreen.storyboard;
			sourceTree = "<group>";
		};
/* End PBXVariantGroup section */

/* Begin XCBuildConfiguration section */
		964B43CB29BB0EA5007DBDBE /* Debug */ = {
			isa = XCBuildConfiguration;
			buildSettings = {
				ALWAYS_SEARCH_USER_PATHS = NO;
				CLANG_ANALYZER_NONNULL = YES;
				CLANG_ANALYZER_NUMBER_OBJECT_CONVERSION = YES_AGGRESSIVE;
				CLANG_CXX_LANGUAGE_STANDARD = "gnu++20";
				CLANG_ENABLE_MODULES = YES;
				CLANG_ENABLE_OBJC_ARC = YES;
				CLANG_ENABLE_OBJC_WEAK = YES;
				CLANG_WARN_BLOCK_CAPTURE_AUTORELEASING = YES;
				CLANG_WARN_BOOL_CONVERSION = YES;
				CLANG_WARN_COMMA = YES;
				CLANG_WARN_CONSTANT_CONVERSION = YES;
				CLANG_WARN_DEPRECATED_OBJC_IMPLEMENTATIONS = YES;
				CLANG_WARN_DIRECT_OBJC_ISA_USAGE = YES_ERROR;
				CLANG_WARN_DOCUMENTATION_COMMENTS = YES;
				CLANG_WARN_EMPTY_BODY = YES;
				CLANG_WARN_ENUM_CONVERSION = YES;
				CLANG_WARN_INFINITE_RECURSION = YES;
				CLANG_WARN_INT_CONVERSION = YES;
				CLANG_WARN_NON_LITERAL_NULL_CONVERSION = YES;
				CLANG_WARN_OBJC_IMPLICIT_RETAIN_SELF = YES;
				CLANG_WARN_OBJC_LITERAL_CONVERSION = YES;
				CLANG_WARN_OBJC_ROOT_CLASS = YES_ERROR;
				CLANG_WARN_QUOTED_INCLUDE_IN_FRAMEWORK_HEADER = YES;
				CLANG_WARN_RANGE_LOOP_ANALYSIS = YES;
				CLANG_WARN_STRICT_PROTOTYPES = YES;
				CLANG_WARN_SUSPICIOUS_MOVE = YES;
				CLANG_WARN_UNGUARDED_AVAILABILITY = YES_AGGRESSIVE;
				CLANG_WARN_UNREACHABLE_CODE = YES;
				CLANG_WARN__DUPLICATE_METHOD_MATCH = YES;
				COPY_PHASE_STRIP = NO;
				DEBUG_INFORMATION_FORMAT = dwarf;
				ENABLE_STRICT_OBJC_MSGSEND = YES;
				ENABLE_TESTABILITY = YES;
				GCC_C_LANGUAGE_STANDARD = gnu11;
				GCC_DYNAMIC_NO_PIC = NO;
				GCC_NO_COMMON_BLOCKS = YES;
				GCC_OPTIMIZATION_LEVEL = 0;
				GCC_PREPROCESSOR_DEFINITIONS = (
					"DEBUG=1",
					"$(inherited)",
				);
				GCC_WARN_64_TO_32_BIT_CONVERSION = YES;
				GCC_WARN_ABOUT_RETURN_TYPE = YES_ERROR;
				GCC_WARN_UNDECLARED_SELECTOR = YES;
				GCC_WARN_UNINITIALIZED_AUTOS = YES_AGGRESSIVE;
				GCC_WARN_UNUSED_FUNCTION = YES;
				GCC_WARN_UNUSED_VARIABLE = YES;
				IPHONEOS_DEPLOYMENT_TARGET = 16.2;
				MTL_ENABLE_DEBUG_INFO = INCLUDE_SOURCE;
				MTL_FAST_MATH = YES;
				ONLY_ACTIVE_ARCH = YES;
				SDKROOT = iphoneos;
				SWIFT_ACTIVE_COMPILATION_CONDITIONS = DEBUG;
				SWIFT_OPTIMIZATION_LEVEL = "-Onone";
			};
			name = Debug;
		};
		964B43CC29BB0EA5007DBDBE /* Release */ = {
			isa = XCBuildConfiguration;
			buildSettings = {
				ALWAYS_SEARCH_USER_PATHS = NO;
				CLANG_ANALYZER_NONNULL = YES;
				CLANG_ANALYZER_NUMBER_OBJECT_CONVERSION = YES_AGGRESSIVE;
				CLANG_CXX_LANGUAGE_STANDARD = "gnu++20";
				CLANG_ENABLE_MODULES = YES;
				CLANG_ENABLE_OBJC_ARC = YES;
				CLANG_ENABLE_OBJC_WEAK = YES;
				CLANG_WARN_BLOCK_CAPTURE_AUTORELEASING = YES;
				CLANG_WARN_BOOL_CONVERSION = YES;
				CLANG_WARN_COMMA = YES;
				CLANG_WARN_CONSTANT_CONVERSION = YES;
				CLANG_WARN_DEPRECATED_OBJC_IMPLEMENTATIONS = YES;
				CLANG_WARN_DIRECT_OBJC_ISA_USAGE = YES_ERROR;
				CLANG_WARN_DOCUMENTATION_COMMENTS = YES;
				CLANG_WARN_EMPTY_BODY = YES;
				CLANG_WARN_ENUM_CONVERSION = YES;
				CLANG_WARN_INFINITE_RECURSION = YES;
				CLANG_WARN_INT_CONVERSION = YES;
				CLANG_WARN_NON_LITERAL_NULL_CONVERSION = YES;
				CLANG_WARN_OBJC_IMPLICIT_RETAIN_SELF = YES;
				CLANG_WARN_OBJC_LITERAL_CONVERSION = YES;
				CLANG_WARN_OBJC_ROOT_CLASS = YES_ERROR;
				CLANG_WARN_QUOTED_INCLUDE_IN_FRAMEWORK_HEADER = YES;
				CLANG_WARN_RANGE_LOOP_ANALYSIS = YES;
				CLANG_WARN_STRICT_PROTOTYPES = YES;
				CLANG_WARN_SUSPICIOUS_MOVE = YES;
				CLANG_WARN_UNGUARDED_AVAILABILITY = YES_AGGRESSIVE;
				CLANG_WARN_UNREACHABLE_CODE = YES;
				CLANG_WARN__DUPLICATE_METHOD_MATCH = YES;
				COPY_PHASE_STRIP = NO;
				DEBUG_INFORMATION_FORMAT = "dwarf-with-dsym";
				ENABLE_NS_ASSERTIONS = NO;
				ENABLE_STRICT_OBJC_MSGSEND = YES;
				GCC_C_LANGUAGE_STANDARD = gnu11;
				GCC_NO_COMMON_BLOCKS = YES;
				GCC_WARN_64_TO_32_BIT_CONVERSION = YES;
				GCC_WARN_ABOUT_RETURN_TYPE = YES_ERROR;
				GCC_WARN_UNDECLARED_SELECTOR = YES;
				GCC_WARN_UNINITIALIZED_AUTOS = YES_AGGRESSIVE;
				GCC_WARN_UNUSED_FUNCTION = YES;
				GCC_WARN_UNUSED_VARIABLE = YES;
				IPHONEOS_DEPLOYMENT_TARGET = 16.2;
				MTL_ENABLE_DEBUG_INFO = NO;
				MTL_FAST_MATH = YES;
				SDKROOT = iphoneos;
				SWIFT_COMPILATION_MODE = wholemodule;
				SWIFT_OPTIMIZATION_LEVEL = "-O";
				VALIDATE_PRODUCT = YES;
			};
			name = Release;
		};
		964B43CE29BB0EA5007DBDBE /* Debug */ = {
			isa = XCBuildConfiguration;
			buildSettings = {
				ASSETCATALOG_COMPILER_APPICON_NAME = AppIcon;
				ASSETCATALOG_COMPILER_GLOBAL_ACCENT_COLOR_NAME = AccentColor;
				CODE_SIGN_STYLE = Automatic;
				CURRENT_PROJECT_VERSION = 1;
				DEVELOPMENT_TEAM = WTDP655XT9;
				GENERATE_INFOPLIST_FILE = YES;
				INFOPLIST_FILE = TestDependeciesMemoryLeak/Info.plist;
				INFOPLIST_KEY_UIApplicationSupportsIndirectInputEvents = YES;
				INFOPLIST_KEY_UILaunchStoryboardName = LaunchScreen;
				INFOPLIST_KEY_UIMainStoryboardFile = Main;
				INFOPLIST_KEY_UISupportedInterfaceOrientations_iPad = "UIInterfaceOrientationPortrait UIInterfaceOrientationPortraitUpsideDown UIInterfaceOrientationLandscapeLeft UIInterfaceOrientationLandscapeRight";
				INFOPLIST_KEY_UISupportedInterfaceOrientations_iPhone = "UIInterfaceOrientationPortrait UIInterfaceOrientationLandscapeLeft UIInterfaceOrientationLandscapeRight";
				LD_RUNPATH_SEARCH_PATHS = (
					"$(inherited)",
					"@executable_path/Frameworks",
				);
				MARKETING_VERSION = 1.0;
				PRODUCT_BUNDLE_IDENTIFIER = es.rpastor.TestDependeciesMemoryLeak;
				PRODUCT_NAME = "$(TARGET_NAME)";
				SWIFT_EMIT_LOC_STRINGS = YES;
				SWIFT_VERSION = 5.0;
				TARGETED_DEVICE_FAMILY = "1,2";
			};
			name = Debug;
		};
		964B43CF29BB0EA5007DBDBE /* Release */ = {
			isa = XCBuildConfiguration;
			buildSettings = {
				ASSETCATALOG_COMPILER_APPICON_NAME = AppIcon;
				ASSETCATALOG_COMPILER_GLOBAL_ACCENT_COLOR_NAME = AccentColor;
				CODE_SIGN_STYLE = Automatic;
				CURRENT_PROJECT_VERSION = 1;
				DEVELOPMENT_TEAM = WTDP655XT9;
				GENERATE_INFOPLIST_FILE = YES;
				INFOPLIST_FILE = TestDependeciesMemoryLeak/Info.plist;
				INFOPLIST_KEY_UIApplicationSupportsIndirectInputEvents = YES;
				INFOPLIST_KEY_UILaunchStoryboardName = LaunchScreen;
				INFOPLIST_KEY_UIMainStoryboardFile = Main;
				INFOPLIST_KEY_UISupportedInterfaceOrientations_iPad = "UIInterfaceOrientationPortrait UIInterfaceOrientationPortraitUpsideDown UIInterfaceOrientationLandscapeLeft UIInterfaceOrientationLandscapeRight";
				INFOPLIST_KEY_UISupportedInterfaceOrientations_iPhone = "UIInterfaceOrientationPortrait UIInterfaceOrientationLandscapeLeft UIInterfaceOrientationLandscapeRight";
				LD_RUNPATH_SEARCH_PATHS = (
					"$(inherited)",
					"@executable_path/Frameworks",
				);
				MARKETING_VERSION = 1.0;
				PRODUCT_BUNDLE_IDENTIFIER = es.rpastor.TestDependeciesMemoryLeak;
				PRODUCT_NAME = "$(TARGET_NAME)";
				SWIFT_EMIT_LOC_STRINGS = YES;
				SWIFT_VERSION = 5.0;
				TARGETED_DEVICE_FAMILY = "1,2";
			};
			name = Release;
		};
/* End XCBuildConfiguration section */

/* Begin XCConfigurationList section */
		964B43B429BB0EA4007DBDBE /* Build configuration list for PBXProject "TestDependeciesMemoryLeak" */ = {
			isa = XCConfigurationList;
			buildConfigurations = (
				964B43CB29BB0EA5007DBDBE /* Debug */,
				964B43CC29BB0EA5007DBDBE /* Release */,
			);
			defaultConfigurationIsVisible = 0;
			defaultConfigurationName = Release;
		};
		964B43CD29BB0EA5007DBDBE /* Build configuration list for PBXNativeTarget "TestDependeciesMemoryLeak" */ = {
			isa = XCConfigurationList;
			buildConfigurations = (
				964B43CE29BB0EA5007DBDBE /* Debug */,
				964B43CF29BB0EA5007DBDBE /* Release */,
			);
			defaultConfigurationIsVisible = 0;
			defaultConfigurationName = Release;
		};
/* End XCConfigurationList section */

/* Begin XCRemoteSwiftPackageReference section */
		964B43D029BB0ED0007DBDBE /* XCRemoteSwiftPackageReference "swift-dependencies" */ = {
			isa = XCRemoteSwiftPackageReference;
			repositoryURL = "https://github.com/pointfreeco/swift-dependencies";
			requirement = {
				branch = main;
				kind = branch;
			};
		};
/* End XCRemoteSwiftPackageReference section */

/* Begin XCSwiftPackageProductDependency section */
		964B43D129BB0ED0007DBDBE /* Dependencies */ = {
			isa = XCSwiftPackageProductDependency;
			package = 964B43D029BB0ED0007DBDBE /* XCRemoteSwiftPackageReference "swift-dependencies" */;
			productName = Dependencies;
		};
/* End XCSwiftPackageProductDependency section */
	};
	rootObject = 964B43B129BB0EA4007DBDBE /* Project object */;
}
